<?xml version="1.0" encoding="utf-8"?>
<Project ToolsVersion="4.0" xmlns="http://schemas.microsoft.com/developer/msbuild/2003">
  <ItemGroup>
    <Filter Include="Core"><UniqueIdentifier>{11111111-1111-1111-1111-111111111111}</UniqueIdentifier></Filter>
    <Filter Include="Core\Entity"><UniqueIdentifier>{22222222-2222-2222-2222-222222222222}</UniqueIdentifier></Filter>
    <Filter Include="Input"><UniqueIdentifier>{33333333-3333-3333-3333-333333333333}</UniqueIdentifier></Filter>
    <Filter Include="Graphics"><UniqueIdentifier>{44444444-4444-4444-4444-444444444444}</UniqueIdentifier></Filter>
    <Filter Include="Graphics\Animation"><UniqueIdentifier>{55555555-5555-5555-5555-555555555555}</UniqueIdentifier></Filter>
    <Filter Include="Graphics\Shape"><UniqueIdentifier>{66666666-6666-6666-6666-666666666666}</UniqueIdentifier></Filter>
    <Filter Include="Graphics\Shape\2D"><UniqueIdentifier>{77777777-7777-7777-7777-777777777777}</UniqueIdentifier></Filter>
    <Filter Include="Graphics\Shape\3D"><UniqueIdentifier>{88888888-8888-8888-8888-888888888888}</UniqueIdentifier></Filter>
    <Filter Include="Menu"><UniqueIdentifier>{99999999-9999-9999-9999-999999999999}</UniqueIdentifier></Filter>
    <Filter Include="Menu\Input"><UniqueIdentifier>{aaaaaaaa-aaaa-aaaa-aaaa-aaaaaaaaaaaa}</UniqueIdentifier></Filter>
    <Filter Include="Lighting"><UniqueIdentifier>{bbbbbbbb-bbbb-bbbb-bbbb-bbbbbbbbbbbb}</UniqueIdentifier></Filter>
    <Filter Include="Sound"><UniqueIdentifier>{cccccccc-cccc-cccc-cccc-cccccccccccc}</UniqueIdentifier></Filter>
    <Filter Include="Collision"><UniqueIdentifier>{dddddddd-dddd-dddd-dddd-dddddddddddd}</UniqueIdentifier></Filter>
    <Filter Include="Network"><UniqueIdentifier>{eeeeeeee-eeee-eeee-eeee-eeeeeeeeeeee}</UniqueIdentifier></Filter>
    <Filter Include="Constants"><UniqueIdentifier>{ffffffff-ffff-ffff-ffff-ffffffffffff}</UniqueIdentifier></Filter>
    <Filter Include="Utils"><UniqueIdentifier>{00000000-0000-0000-0000-000000000001}</UniqueIdentifier></Filter>
    <Filter Include="Resources"><UniqueIdentifier>{00000000-0000-0000-0000-000000000002}</UniqueIdentifier></Filter>
    <Filter Include="Resources\Shaders"><UniqueIdentifier>{00000000-0000-0000-0000-000000000003}</UniqueIdentifier></Filter>
    <Filter Include="Resources\Shaders\Cube"><UniqueIdentifier>{00000000-0000-0000-0000-000000000004}</UniqueIdentifier></Filter>
    <Filter Include="Resources\Shaders\Model"><UniqueIdentifier>{00000000-0000-0000-0000-000000000005}</UniqueIdentifier></Filter>
    <Filter Include="Resources\Shaders\Skinned"><UniqueIdentifier>{00000000-0000-0000-0000-000000000006}</UniqueIdentifier></Filter>
    <Filter Include="Resources\Shaders\Shape"><UniqueIdentifier>{00000000-0000-0000-0000-000000000007}</UniqueIdentifier></Filter>
    <Filter Include="Resources\Shaders\Text"><UniqueIdentifier>{00000000-0000-0000-0000-000000000008}</UniqueIdentifier></Filter>
    <Filter Include="Resources\Shaders\Image"><UniqueIdentifier>{00000000-0000-0000-0000-000000000009}</UniqueIdentifier></Filter>
    <Filter Include="Resources\Textures"><UniqueIdentifier>{00000000-0000-0000-0000-00000000000a}</UniqueIdentifier></Filter>
  </ItemGroup>
  <ItemGroup>
    <ClCompile Include="main.cpp"><Filter>Core</Filter></ClCompile>
    <ClCompile Include="glad.c"><Filter>Core</Filter></ClCompile>
    <ClCompile Include="Window.cpp"><Filter>Core</Filter></ClCompile>
    <ClCompile Include="Renderer.cpp"><Filter>Core</Filter></ClCompile>
    <ClCompile Include="Game.cpp"><Filter>Core</Filter></ClCompile>
    <ClCompile Include="Camera.cpp"><Filter>Core</Filter></ClCompile>
    <ClCompile Include="Entity.cpp"><Filter>Core\Entity</Filter></ClCompile>
    <ClCompile Include="Player.cpp"><Filter>Core\Entity</Filter></ClCompile>
    <ClCompile Include="Direction.cpp"><Filter>Core\Entity</Filter></ClCompile>
    <ClCompile Include="Transformation.h"><Filter>Core\Entity</Filter></ClCompile>
    <ClCompile Include="InputManager.cpp"><Filter>Input</Filter></ClCompile>
    <ClCompile Include="PlayerKey.cpp"><Filter>Input</Filter></ClCompile>
    <ClCompile Include="Mouse.cpp"><Filter>Input</Filter></ClCompile>
    <ClCompile Include="LeftClick.cpp"><Filter>Input</Filter></ClCompile>
    <ClCompile Include="Escape.cpp"><Filter>Input</Filter></ClCompile>
    <ClCompile Include="Push.cpp"><Filter>Input</Filter></ClCompile>
    <ClCompile Include="Grab.cpp"><Filter>Input</Filter></ClCompile>
    <ClCompile Include="Shader.cpp"><Filter>Graphics</Filter></ClCompile>
    <ClCompile Include="Mesh.cpp"><Filter>Graphics</Filter></ClCompile>
    <ClCompile Include="Model.cpp"><Filter>Graphics</Filter></ClCompile>
    <ClCompile Include="ModelEntity.cpp"><Filter>Graphics</Filter></ClCompile>
    <ClCompile Include="ModelEntity.h"><Filter>Graphics</Filter></ClCompile>
    <ClCompile Include="Texture.cpp"><Filter>Graphics</Filter></ClCompile>
    <ClCompile Include="TextureManager.cpp"><Filter>Graphics</Filter></ClCompile>
    <ClCompile Include="ImageLoader.cpp"><Filter>Graphics</Filter></ClCompile>
    <ClCompile Include="Animator.cpp"><Filter>Graphics\Animation</Filter></ClCompile>
    <ClCompile Include="FirstPersonArms.cpp"><Filter>Graphics\Animation</Filter></ClCompile>
    <ClCompile Include="Shape.cpp"><Filter>Graphics\Shape\2D</Filter></ClCompile>
    <ClCompile Include="Rectangle.cpp"><Filter>Graphics\Shape\2D</Filter></ClCompile>
    <ClCompile Include="Triangle.cpp"><Filter>Graphics\Shape\2D</Filter></ClCompile>
    <ClCompile Include="DVDShape.cpp"><Filter>Graphics\Shape\2D</Filter></ClCompile>
    <ClCompile Include="Image.cpp"><Filter>Graphics\Shape\2D</Filter></ClCompile>
    <ClCompile Include="MaskImage.cpp"><Filter>Graphics\Shape\2D</Filter></ClCompile>
    <ClCompile Include="Cube.cpp"><Filter>Graphics\Shape\3D</Filter></ClCompile>
    <ClCompile Include="Menu.cpp"><Filter>Menu</Filter></ClCompile>
    <ClCompile Include="MenuManager.cpp"><Filter>Menu</Filter></ClCompile>
    <ClCompile Include="MainMenu.cpp"><Filter>Menu</Filter></ClCompile>
    <ClCompile Include="PauseMenu.cpp"><Filter>Menu</Filter></ClCompile>
    <ClCompile Include="OptionsMenu.cpp"><Filter>Menu</Filter></ClCompile>
    <ClCompile Include="TextRenderer.cpp"><Filter>Menu</Filter></ClCompile>
    <ClCompile Include="CursorManager.cpp"><Filter>Menu</Filter></ClCompile>
    <ClCompile Include="CheckboxInput.cpp"><Filter>Menu\Input</Filter></ClCompile>
    <ClCompile Include="RangeInput.cpp"><Filter>Menu\Input</Filter></ClCompile>
    <ClCompile Include="SelectInput.cpp"><Filter>Menu\Input</Filter></ClCompile>
    <ClCompile Include="LightSource.cpp"><Filter>Lighting</Filter></ClCompile>
    <ClCompile Include="LightManager.cpp"><Filter>Lighting</Filter></ClCompile>
    <ClCompile Include="LoadingScreen.cpp"><Filter>Graphics</Filter></ClCompile>
    <ClCompile Include="Spotlight.cpp"><Filter>Lighting</Filter></ClCompile>
    <ClCompile Include="Sound.cpp"><Filter>Sound</Filter></ClCompile>
    <ClCompile Include="SoundManager.cpp"><Filter>Sound</Filter></ClCompile>
    <ClCompile Include="CollisionManager.cpp"><Filter>Collision</Filter></ClCompile>
    <ClCompile Include="AABB.h"><Filter>Collision</Filter></ClCompile>
    <ClCompile Include="Outlineable.h"><Filter>Collision</Filter></ClCompile>
    <ClCompile Include="Socket.cpp"><Filter>Network</Filter></ClCompile>
    <ClCompile Include="SteamManager.cpp"><Filter>Network</Filter></ClCompile>
    <ClCompile Include="Packet.cpp"><Filter>Network</Filter></ClCompile>
    <ClCompile Include="ReceiveBuffer.cpp"><Filter>Network</Filter></ClCompile>
    <ClCompile Include="constants\texture.h"><Filter>Constants</Filter></ClCompile>
  </ItemGroup>
  <ItemGroup>
    <ClInclude Include="config.h"><Filter>Core</Filter></ClInclude>
    <ClInclude Include="Window.h"><Filter>Core</Filter></ClInclude>
    <ClInclude Include="Renderer.h"><Filter>Core</Filter></ClInclude>
    <ClInclude Include="Game.h"><Filter>Core</Filter></ClInclude>
    <ClInclude Include="Camera.h"><Filter>Core</Filter></ClInclude>
    <ClInclude Include="gamestate.h"><Filter>Core</Filter></ClInclude>
    <ClInclude Include="win_compat.h"><Filter>Core</Filter></ClInclude>
    <ClInclude Include="Entity.h"><Filter>Core\Entity</Filter></ClInclude>
    <ClInclude Include="Player.h"><Filter>Core\Entity</Filter></ClInclude>
    <ClInclude Include="Direction.h"><Filter>Core\Entity</Filter></ClInclude>
    <ClInclude Include="InputManager.h"><Filter>Input</Filter></ClInclude>
    <ClInclude Include="Key.h"><Filter>Input</Filter></ClInclude>
    <ClInclude Include="configKeys.h"><Filter>Input</Filter></ClInclude>
    <ClInclude Include="PlayerKey.h"><Filter>Input</Filter></ClInclude>
    <ClInclude Include="Mouse.h"><Filter>Input</Filter></ClInclude>
    <ClInclude Include="LeftClick.h"><Filter>Input</Filter></ClInclude>
    <ClInclude Include="Escape.h"><Filter>Input</Filter></ClInclude>
    <ClInclude Include="Push.h"><Filter>Input</Filter></ClInclude>
    <ClInclude Include="Grab.h"><Filter>Input</Filter></ClInclude>
    <ClInclude Include="Shader.h"><Filter>Graphics</Filter></ClInclude>
    <ClInclude Include="ShaderManager.h"><Filter>Graphics</Filter></ClInclude>
    <ClInclude Include="ShaderType.h"><Filter>Graphics</Filter></ClInclude>
    <ClInclude Include="Vertex.h"><Filter>Graphics</Filter></ClInclude>
    <ClInclude Include="Mesh.h"><Filter>Graphics</Filter></ClInclude>
    <ClInclude Include="Model.h"><Filter>Graphics</Filter></ClInclude>
    <ClInclude Include="Texture.h"><Filter>Graphics</Filter></ClInclude>
    <ClInclude Include="TextureManager.h"><Filter>Graphics</Filter></ClInclude>
    <ClInclude Include="ImageLoader.h"><Filter>Graphics</Filter></ClInclude>
    <ClInclude Include="Animator.h"><Filter>Graphics\Animation</Filter></ClInclude>
    <ClInclude Include="FirstPersonArms.h"><Filter>Graphics\Animation</Filter></ClInclude>
    <ClInclude Include="SkinningData.h"><Filter>Graphics\Animation</Filter></ClInclude>
    <ClInclude Include="Shape.h"><Filter>Graphics\Shape\2D</Filter></ClInclude>
    <ClInclude Include="Rectangle.h"><Filter>Graphics\Shape\2D</Filter></ClInclude>
    <ClInclude Include="Triangle.h"><Filter>Graphics\Shape\2D</Filter></ClInclude>
    <ClInclude Include="DVDShape.h"><Filter>Graphics\Shape\2D</Filter></ClInclude>
    <ClInclude Include="Image.h"><Filter>Graphics\Shape\2D</Filter></ClInclude>
    <ClInclude Include="MaskImage.h"><Filter>Graphics\Shape\2D</Filter></ClInclude>
    <ClInclude Include="SharedQuad.h"><Filter>Graphics\Shape\2D</Filter></ClInclude>
    <ClInclude Include="Cube.h"><Filter>Graphics\Shape\3D</Filter></ClInclude>
    <ClInclude Include="Menu.h"><Filter>Menu</Filter></ClInclude>
    <ClInclude Include="MenuManager.h"><Filter>Menu</Filter></ClInclude>
    <ClInclude Include="MainMenu.h"><Filter>Menu</Filter></ClInclude>
    <ClInclude Include="PauseMenu.h"><Filter>Menu</Filter></ClInclude>
    <ClInclude Include="OptionsMenu.h"><Filter>Menu</Filter></ClInclude>
    <ClInclude Include="TextRenderer.h"><Filter>Menu</Filter></ClInclude>
    <ClInclude Include="CursorManager.h"><Filter>Menu</Filter></ClInclude>
    <ClInclude Include="CheckboxInput.h"><Filter>Menu\Input</Filter></ClInclude>
    <ClInclude Include="RangeInput.h"><Filter>Menu\Input</Filter></ClInclude>
    <ClInclude Include="SelectInput.h"><Filter>Menu\Input</Filter></ClInclude>
    <ClInclude Include="LightSource.h"><Filter>Lighting</Filter></ClInclude>
    <ClInclude Include="LightManager.h"><Filter>Lighting</Filter></ClInclude>
    <ClInclude Include="LoadingScreen.h"><Filter>Graphics</Filter></ClInclude>
    <ClInclude Include="Spotlight.h"><Filter>Lighting</Filter></ClInclude>
    <ClInclude Include="Sound.h"><Filter>Sound</Filter></ClInclude>
    <ClInclude Include="SoundManager.h"><Filter>Sound</Filter></ClInclude>
    <ClInclude Include="CollisionManager.h"><Filter>Collision</Filter></ClInclude>
    <ClInclude Include="BVHNode.h"><Filter>Collision</Filter></ClInclude>
    <ClInclude Include="Socket.h"><Filter>Network</Filter></ClInclude>
    <ClInclude Include="SteamManager.h"><Filter>Network</Filter></ClInclude>
    <ClInclude Include="Packet.h"><Filter>Network</Filter></ClInclude>
    <ClInclude Include="PacketBuilder.h"><Filter>Network</Filter></ClInclude>
    <ClInclude Include="ReceiveBuffer.h"><Filter>Network</Filter></ClInclude>
    <ClInclude Include="constants\camera.h"><Filter>Constants</Filter></ClInclude>
    <ClInclude Include="constants\color.h"><Filter>Constants</Filter></ClInclude>
    <ClInclude Include="constants\file.h"><Filter>Constants</Filter></ClInclude>
    <ClInclude Include="constants\firstPersonArms.h"><Filter>Constants</Filter></ClInclude>
    <ClInclude Include="constants\material.h"><Filter>Constants</Filter></ClInclude>
    <ClInclude Include="constants\menu.h"><Filter>Constants</Filter></ClInclude>
    <ClInclude Include="constants\network.h"><Filter>Constants</Filter></ClInclude>
    <ClInclude Include="constants\physics.h"><Filter>Constants</Filter></ClInclude>
    <ClInclude Include="constants\player.h"><Filter>Constants</Filter></ClInclude>
    <ClInclude Include="constants\renderer.h"><Filter>Constants</Filter></ClInclude>
    <ClInclude Include="constants\shader.h"><Filter>Constants</Filter></ClInclude>
    <ClInclude Include="constants\window.h"><Filter>Constants</Filter></ClInclude>
    <ClInclude Include="File.h"><Filter>Utils</Filter></ClInclude>
  </ItemGroup>
  <ItemGroup>
    <None Include="res\shaders\cube\cube.frag"><Filter>Resources\Shaders\Cube</Filter></None>
    <None Include="res\shaders\cube\cube.vert"><Filter>Resources\Shaders\Cube</Filter></None>
    <None Include="res\shaders\cube\lightsource\lightsource.frag"><Filter>Resources\Shaders\Cube</Filter></None>
    <None Include="res\shaders\cube\lightsource\lightsource.vert"><Filter>Resources\Shaders\Cube</Filter></None>
    <None Include="res\shaders\cube\severallights\severallights.frag"><Filter>Resources\Shaders\Cube</Filter></None>
    <None Include="res\shaders\cube\severallights\severallights.vert"><Filter>Resources\Shaders\Cube</Filter></None>
    <None Include="res\shaders\model\model.frag"><Filter>Resources\Shaders\Model</Filter></None>
    <None Include="res\shaders\model\model.vert"><Filter>Resources\Shaders\Model</Filter></None>
    <None Include="res\shaders\outline\outline.frag"><Filter>Resources\Shaders\Model</Filter></None>
    <None Include="res\shaders\outline\outline.vert"><Filter>Resources\Shaders\Model</Filter></None>
    <None Include="res\shaders\skinned\skinned.frag"><Filter>Resources\Shaders\Skinned</Filter></None>
    <None Include="res\shaders\skinned\skinned.vert"><Filter>Resources\Shaders\Skinned</Filter></None>
    <None Include="res\shaders\shape\shape.frag"><Filter>Resources\Shaders\Shape</Filter></None>
    <None Include="res\shaders\shape\shape.vert"><Filter>Resources\Shaders\Shape</Filter></None>
    <None Include="res\shaders\text\text.frag"><Filter>Resources\Shaders\Text</Filter></None>
    <None Include="res\shaders\text\text.vert"><Filter>Resources\Shaders\Text</Filter></None>
    <None Include="res\shaders\image\image.frag"><Filter>Resources\Shaders\Image</Filter></None>
    <None Include="res\shaders\image\image.vert"><Filter>Resources\Shaders\Image</Filter></None>
    <None Include="res\shaders\image\masque\mask.frag"><Filter>Resources\Shaders\Image</Filter></None>
    <None Include="res\shaders\image\masque\mask.vert"><Filter>Resources\Shaders\Image</Filter></None>
    <None Include="res\armBones.json"><Filter>Resources</Filter></None>
    <None Include="res\options.json"><Filter>Resources</Filter></None>
    <None Include="res\textures\crate\details.json"><Filter>Resources\Textures</Filter></None>
  </ItemGroup>
  <ItemGroup>
    <Image Include="res\textures\crate\container.png"><Filter>Resources\Textures</Filter></Image>
    <Image Include="res\textures\crate\container_specular.png"><Filter>Resources\Textures</Filter></Image>
    <Image Include="res\textures\glass\blue\blue.png"><Filter>Resources\Textures</Filter></Image>
  </ItemGroup>
  <ItemGroup>
    <Text Include="res\credits.txt"><Filter>Resources</Filter></Text>
  </ItemGroup>
</Project>
